
Microsoft Visual Studio Solution File, Format Version 12.00
# Visual Studio Version 17
VisualStudioVersion = 17.3.32819.101
MinimumVisualStudioVersion = 10.0.40219.1
Project("{FAE04EC0-301F-11D3-BF4B-00C04F79EFBC}") = "SeleniumAdvanced_HomeTask", "SeleniumAdvanced_HomeTask\SeleniumAdvanced_HomeTask.csproj", "{EA3C598A-9983-4EAE-840A-9877D40ACE7E}"
EndProject
Global
	GlobalSection(SolutionConfigurationPlatforms) = preSolution
		Debug|Any CPU = Debug|Any CPU
		Release|Any CPU = Release|Any CPU
	EndGlobalSection
	GlobalSection(ProjectConfigurationPlatforms) = postSolution
		{EA3C598A-9983-4EAE-840A-9877D40ACE7E}.Debug|Any CPU.ActiveCfg = Debug|Any CPU
		{EA3C598A-9983-4EAE-840A-9877D40ACE7E}.Debug|Any CPU.Build.0 = Debug|Any CPU
		{EA3C598A-9983-4EAE-840A-9877D40ACE7E}.Release|Any CPU.ActiveCfg = Release|Any CPU
		{EA3C598A-9983-4EAE-840A-9877D40ACE7E}.Release|Any CPU.Build.0 = Release|Any CPU
	EndGlobalSection
	GlobalSection(SolutionProperties) = preSolution
		HideSolutionNode = FALSE
	EndGlobalSection
	GlobalSection(ExtensibilityGlobals) = postSolution
		SolutionGuid = {C8B11930-444B-41A2-A21D-5E60F1C32111}
	EndGlobalSection
EndGlobal
